{
  "name": "muweave-homepage-tools",
  "lockfileVersion": 3,
  "requires": true,
  "packages": {
    "": {
      "name": "muweave-homepage-tools",
      "devDependencies": {
        "speech-rule-engine": "4.1.4"
      }
    },
    "node_modules/@xmldom/xmldom": {
      "version": "0.9.12",
      "resolved": "https://registry.npmjs.org/@xmldom/xmldom/-/xmldom-0.9.12.tgz",
      "integrity": "sha512-5AXjrcMClTryPe9LgZrygpB1lj7s0S9E0+W+AHaVKAVyHanafK86iPSvG5xHVSp/jC+VH1UXu0TAEmY279xH7A==",
      "dev": true,
      "engines": {
        "node": ">=14.6"
      }
    },
    "node_modules/commander": {
      "version": "13.1.0",
      "resolved": "https://registry.npmjs.org/commander/-/commander-13.1.0.tgz",
      "integrity": "sha512-/rFeCpNJQbhSZjGVwO9RFV3xPqbnERS8MmIQzCtD/zl6gpJuV/bMLuN92oG3F7d8oDEHHRrujSXNUr8fpjntKw==",
      "dev": true,
      "engines": {
        "node": ">=18"
      }
    },
    "node_modules/speech-rule-engine": {
      "version": "4.1.4",
      "resolved": "https://registry.npmjs.org/speech-rule-engine/-/speech-rule-engine-4.1.4.tgz",
      "integrity": "sha512-i/VCLG1fvRc95pMHRqG4aQNscv+9aIsqA2oI7ZQS51sTdUcDHYX6cpT8/tqZ+enjs1tKVwbRBWgxut9SWn+f9g==",
      "dev": true,
      "dependencies": {
        "@xmldom/xmldom": "0.9.10",
        "commander": "13.1.0",
        "wicked-good-xpath": "1.3.0"
      },
      "bin": {
        "sre": "bin/sre"
      }
    },
    "node_modules/wicked-good-xpath": {
      "version": "1.3.0",
      "resolved": "https://registry.npmjs.org/wicked-good-xpath/-/wicked-good-xpath-1.3.0.tgz",
      "integrity": "sha512-Gd9+TUn5nXdwj/hFsPVx5cuHHiF5Bwuc30jZ4+ronF1qHK5O7HD0sgmXWSEgwKquT3ClLoKPVbO6qGwVwLzvAw==",
      "dev": true
    }
  }
}
